
Microsoft Visual Studio Solution File, Format Version 12.00
# Visual Studio Version 17
VisualStudioVersion = 17.5.33516.290
MinimumVisualStudioVersion = 10.0.40219.1
Project("{FAE04EC0-301F-11D3-BF4B-00C04F79EFBC}") = "DCMDWF8", "DCMDWF8\DCMDWF8.csproj", "{58B7F9B9-AF07-479E-8680-7EBB712DF080}"
EndProject
Global
	GlobalSection(SolutionConfigurationPlatforms) = preSolution
		Debug|Any CPU = Debug|Any CPU
		Release|Any CPU = Release|Any CPU
	EndGlobalSection
	GlobalSection(ProjectConfigurationPlatforms) = postSolution
		{58B7F9B9-AF07-479E-8680-7EBB712DF080}.Debug|Any CPU.ActiveCfg = Debug|Any CPU
		{58B7F9B9-AF07-479E-8680-7EBB712DF080}.Debug|Any CPU.Build.0 = Debug|Any CPU
		{58B7F9B9-AF07-479E-8680-7EBB712DF080}.Release|Any CPU.ActiveCfg = Release|Any CPU
		{58B7F9B9-AF07-479E-8680-7EBB712DF080}.Release|Any CPU.Build.0 = Release|Any CPU
	EndGlobalSection
	GlobalSection(SolutionProperties) = preSolution
		HideSolutionNode = FALSE
	EndGlobalSection
	GlobalSection(ExtensibilityGlobals) = postSolution
		SolutionGuid = {7A4BE5A4-8DE1-4D6E-9AB9-D65D3C95AF41}
	EndGlobalSection
EndGlobal
