
Microsoft Visual Studio Solution File, Format Version 12.00
# Visual Studio Version 17
VisualStudioVersion = 17.4.33213.308
MinimumVisualStudioVersion = 10.0.40219.1
Project("{FAE04EC0-301F-11D3-BF4B-00C04F79EFBC}") = "DCMDWF4", "DCMDWF4\DCMDWF4.csproj", "{A61031CD-BF79-42A8-AD80-DD00E408AFCA}"
EndProject
Global
	GlobalSection(SolutionConfigurationPlatforms) = preSolution
		Debug|Any CPU = Debug|Any CPU
		Release|Any CPU = Release|Any CPU
	EndGlobalSection
	GlobalSection(ProjectConfigurationPlatforms) = postSolution
		{A61031CD-BF79-42A8-AD80-DD00E408AFCA}.Debug|Any CPU.ActiveCfg = Debug|Any CPU
		{A61031CD-BF79-42A8-AD80-DD00E408AFCA}.Debug|Any CPU.Build.0 = Debug|Any CPU
		{A61031CD-BF79-42A8-AD80-DD00E408AFCA}.Release|Any CPU.ActiveCfg = Release|Any CPU
		{A61031CD-BF79-42A8-AD80-DD00E408AFCA}.Release|Any CPU.Build.0 = Release|Any CPU
	EndGlobalSection
	GlobalSection(SolutionProperties) = preSolution
		HideSolutionNode = FALSE
	EndGlobalSection
	GlobalSection(ExtensibilityGlobals) = postSolution
		SolutionGuid = {845D3EB7-F51F-4A3B-935C-A3E81D861DB2}
	EndGlobalSection
EndGlobal
